
Microsoft Visual Studio Solution File, Format Version 12.00
# Visual Studio Version 16
VisualStudioVersion = 16.0.31112.23
MinimumVisualStudioVersion = 10.0.40219.1
Project("{FAE04EC0-301F-11D3-BF4B-00C04F79EFBC}") = "SingerMaintain", "SingerMaintain\SingerMaintain.csproj", "{4E5BD61B-2393-4AB5-8479-F62BD8778EB4}"
EndProject
Global
	GlobalSection(SolutionConfigurationPlatforms) = preSolution
		Debug|Any CPU = Debug|Any CPU
		Release|Any CPU = Release|Any CPU
	EndGlobalSection
	GlobalSection(ProjectConfigurationPlatforms) = postSolution
		{4E5BD61B-2393-4AB5-8479-F62BD8778EB4}.Debug|Any CPU.ActiveCfg = Debug|Any CPU
		{4E5BD61B-2393-4AB5-8479-F62BD8778EB4}.Debug|Any CPU.Build.0 = Debug|Any CPU
		{4E5BD61B-2393-4AB5-8479-F62BD8778EB4}.Release|Any CPU.ActiveCfg = Release|Any CPU
		{4E5BD61B-2393-4AB5-8479-F62BD8778EB4}.Release|Any CPU.Build.0 = Release|Any CPU
	EndGlobalSection
	GlobalSection(SolutionProperties) = preSolution
		HideSolutionNode = FALSE
	EndGlobalSection
	GlobalSection(ExtensibilityGlobals) = postSolution
		SolutionGuid = {467DE958-E0E5-4BD5-A2BC-FE85D09564FA}
	EndGlobalSection
EndGlobal
